{
  "object": {
    "pins": [
      {
        "package": "swift-nio",
        "repositoryURL": "https://github.com/apple/swift-nio.git",
        "state": {
          "branch": null,
          "revision": "addf69cfe60376c325397c8926589415576b1dd1",
          "version": "2.34.0"
        }
      }
    ]
  },
  "version": 1
}
